
Microsoft Visual Studio Solution File, Format Version 12.00
# Visual Studio Version 16
VisualStudioVersion = 16.0.30204.135
MinimumVisualStudioVersion = 10.0.40219.1
Project("{8BC9CEB8-8B4A-11D0-8D11-00A0C91BC942}") = "x360winusb", "x360winusb\x360winusb.vcxproj", "{58553916-A0EC-4D51-A37F-3E36E9C307E9}"
EndProject
Project("{8BC9CEB8-8B4A-11D0-8D11-00A0C91BC942}") = "ViGEmClient", "ViGEmClient\src\ViGEmClient.vcxproj", "{7DB06674-1F4F-464B-8E1C-172E9587F9DC}"
EndProject
Global
	GlobalSection(SolutionConfigurationPlatforms) = preSolution
		Debug_DLL|ARM = Debug_DLL|ARM
		Debug_DLL|ARM64 = Debug_DLL|ARM64
		Debug_DLL|x64 = Debug_DLL|x64
		Debug_DLL|x86 = Debug_DLL|x86
		Debug_LIB|ARM = Debug_LIB|ARM
		Debug_LIB|ARM64 = Debug_LIB|ARM64
		Debug_LIB|x64 = Debug_LIB|x64
		Debug_LIB|x86 = Debug_LIB|x86
		Debug|ARM = Debug|ARM
		Debug|ARM64 = Debug|ARM64
		Debug|x64 = Debug|x64
		Debug|x86 = Debug|x86
		Release_DLL|ARM = Release_DLL|ARM
		Release_DLL|ARM64 = Release_DLL|ARM64
		Release_DLL|x64 = Release_DLL|x64
		Release_DLL|x86 = Release_DLL|x86
		Release_LIB|ARM = Release_LIB|ARM
		Release_LIB|ARM64 = Release_LIB|ARM64
		Release_LIB|x64 = Release_LIB|x64
		Release_LIB|x86 = Release_LIB|x86
		Release|ARM = Release|ARM
		Release|ARM64 = Release|ARM64
		Release|x64 = Release|x64
		Release|x86 = Release|x86
	EndGlobalSection
	GlobalSection(ProjectConfigurationPlatforms) = postSolution
		{58553916-A0EC-4D51-A37F-3E36E9C307E9}.Debug_DLL|ARM.ActiveCfg = Debug|ARM
		{58553916-A0EC-4D51-A37F-3E36E9C307E9}.Debug_DLL|ARM.Build.0 = Debug|ARM
		{58553916-A0EC-4D51-A37F-3E36E9C307E9}.Debug_DLL|ARM64.ActiveCfg = Debug|ARM64
		{58553916-A0EC-4D51-A37F-3E36E9C307E9}.Debug_DLL|ARM64.Build.0 = Debug|ARM64
		{58553916-A0EC-4D51-A37F-3E36E9C307E9}.Debug_DLL|x64.ActiveCfg = Debug|x64
		{58553916-A0EC-4D51-A37F-3E36E9C307E9}.Debug_DLL|x64.Build.0 = Debug|x64
		{58553916-A0EC-4D51-A37F-3E36E9C307E9}.Debug_DLL|x86.ActiveCfg = Debug|Win32
		{58553916-A0EC-4D51-A37F-3E36E9C307E9}.Debug_DLL|x86.Build.0 = Debug|Win32
		{58553916-A0EC-4D51-A37F-3E36E9C307E9}.Debug_LIB|ARM.ActiveCfg = Debug|ARM
		{58553916-A0EC-4D51-A37F-3E36E9C307E9}.Debug_LIB|ARM.Build.0 = Debug|ARM
		{58553916-A0EC-4D51-A37F-3E36E9C307E9}.Debug_LIB|ARM64.ActiveCfg = Debug|ARM64
		{58553916-A0EC-4D51-A37F-3E36E9C307E9}.Debug_LIB|ARM64.Build.0 = Debug|ARM64
		{58553916-A0EC-4D51-A37F-3E36E9C307E9}.Debug_LIB|x64.ActiveCfg = Debug|x64
		{58553916-A0EC-4D51-A37F-3E36E9C307E9}.Debug_LIB|x64.Build.0 = Debug|x64
		{58553916-A0EC-4D51-A37F-3E36E9C307E9}.Debug_LIB|x86.ActiveCfg = Debug|Win32
		{58553916-A0EC-4D51-A37F-3E36E9C307E9}.Debug_LIB|x86.Build.0 = Debug|Win32
		{58553916-A0EC-4D51-A37F-3E36E9C307E9}.Debug|ARM.ActiveCfg = Debug|ARM
		{58553916-A0EC-4D51-A37F-3E36E9C307E9}.Debug|ARM.Build.0 = Debug|ARM
		{58553916-A0EC-4D51-A37F-3E36E9C307E9}.Debug|ARM64.ActiveCfg = Debug|ARM64
		{58553916-A0EC-4D51-A37F-3E36E9C307E9}.Debug|ARM64.Build.0 = Debug|ARM64
		{58553916-A0EC-4D51-A37F-3E36E9C307E9}.Debug|x64.ActiveCfg = Debug|x64
		{58553916-A0EC-4D51-A37F-3E36E9C307E9}.Debug|x64.Build.0 = Debug|x64
		{58553916-A0EC-4D51-A37F-3E36E9C307E9}.Debug|x64.Deploy.0 = Debug|x64
		{58553916-A0EC-4D51-A37F-3E36E9C307E9}.Debug|x86.ActiveCfg = Debug|Win32
		{58553916-A0EC-4D51-A37F-3E36E9C307E9}.Debug|x86.Build.0 = Debug|Win32
		{58553916-A0EC-4D51-A37F-3E36E9C307E9}.Release_DLL|ARM.ActiveCfg = Release|ARM
		{58553916-A0EC-4D51-A37F-3E36E9C307E9}.Release_DLL|ARM.Build.0 = Release|ARM
		{58553916-A0EC-4D51-A37F-3E36E9C307E9}.Release_DLL|ARM64.ActiveCfg = Release|ARM64
		{58553916-A0EC-4D51-A37F-3E36E9C307E9}.Release_DLL|ARM64.Build.0 = Release|ARM64
		{58553916-A0EC-4D51-A37F-3E36E9C307E9}.Release_DLL|x64.ActiveCfg = Release|x64
		{58553916-A0EC-4D51-A37F-3E36E9C307E9}.Release_DLL|x64.Build.0 = Release|x64
		{58553916-A0EC-4D51-A37F-3E36E9C307E9}.Release_DLL|x86.ActiveCfg = Release|Win32
		{58553916-A0EC-4D51-A37F-3E36E9C307E9}.Release_DLL|x86.Build.0 = Release|Win32
		{58553916-A0EC-4D51-A37F-3E36E9C307E9}.Release_LIB|ARM.ActiveCfg = Release|ARM
		{58553916-A0EC-4D51-A37F-3E36E9C307E9}.Release_LIB|ARM.Build.0 = Release|ARM
		{58553916-A0EC-4D51-A37F-3E36E9C307E9}.Release_LIB|ARM64.ActiveCfg = Release|ARM64
		{58553916-A0EC-4D51-A37F-3E36E9C307E9}.Release_LIB|ARM64.Build.0 = Release|ARM64
		{58553916-A0EC-4D51-A37F-3E36E9C307E9}.Release_LIB|x64.ActiveCfg = Release|x64
		{58553916-A0EC-4D51-A37F-3E36E9C307E9}.Release_LIB|x64.Build.0 = Release|x64
		{58553916-A0EC-4D51-A37F-3E36E9C307E9}.Release_LIB|x86.ActiveCfg = Release|Win32
		{58553916-A0EC-4D51-A37F-3E36E9C307E9}.Release_LIB|x86.Build.0 = Release|Win32
		{58553916-A0EC-4D51-A37F-3E36E9C307E9}.Release|ARM.ActiveCfg = Release|ARM
		{58553916-A0EC-4D51-A37F-3E36E9C307E9}.Release|ARM.Build.0 = Release|ARM
		{58553916-A0EC-4D51-A37F-3E36E9C307E9}.Release|ARM64.ActiveCfg = Release|ARM64
		{58553916-A0EC-4D51-A37F-3E36E9C307E9}.Release|ARM64.Build.0 = Release|ARM64
		{58553916-A0EC-4D51-A37F-3E36E9C307E9}.Release|x64.ActiveCfg = Release|x64
		{58553916-A0EC-4D51-A37F-3E36E9C307E9}.Release|x64.Build.0 = Release|x64
		{58553916-A0EC-4D51-A37F-3E36E9C307E9}.Release|x86.ActiveCfg = Release|Win32
		{58553916-A0EC-4D51-A37F-3E36E9C307E9}.Release|x86.Build.0 = Release|Win32
		{7DB06674-1F4F-464B-8E1C-172E9587F9DC}.Debug_DLL|ARM.ActiveCfg = Debug_DLL|Win32
		{7DB06674-1F4F-464B-8E1C-172E9587F9DC}.Debug_DLL|ARM64.ActiveCfg = Debug_DLL|Win32
		{7DB06674-1F4F-464B-8E1C-172E9587F9DC}.Debug_DLL|x64.ActiveCfg = Debug_DLL|x64
		{7DB06674-1F4F-464B-8E1C-172E9587F9DC}.Debug_DLL|x64.Build.0 = Debug_DLL|x64
		{7DB06674-1F4F-464B-8E1C-172E9587F9DC}.Debug_DLL|x86.ActiveCfg = Debug_DLL|Win32
		{7DB06674-1F4F-464B-8E1C-172E9587F9DC}.Debug_DLL|x86.Build.0 = Debug_DLL|Win32
		{7DB06674-1F4F-464B-8E1C-172E9587F9DC}.Debug_LIB|ARM.ActiveCfg = Debug_LIB|Win32
		{7DB06674-1F4F-464B-8E1C-172E9587F9DC}.Debug_LIB|ARM64.ActiveCfg = Debug_LIB|Win32
		{7DB06674-1F4F-464B-8E1C-172E9587F9DC}.Debug_LIB|x64.ActiveCfg = Debug_LIB|x64
		{7DB06674-1F4F-464B-8E1C-172E9587F9DC}.Debug_LIB|x64.Build.0 = Debug_LIB|x64
		{7DB06674-1F4F-464B-8E1C-172E9587F9DC}.Debug_LIB|x86.ActiveCfg = Debug_LIB|Win32
		{7DB06674-1F4F-464B-8E1C-172E9587F9DC}.Debug_LIB|x86.Build.0 = Debug_LIB|Win32
		{7DB06674-1F4F-464B-8E1C-172E9587F9DC}.Debug|ARM.ActiveCfg = Debug_DLL|x64
		{7DB06674-1F4F-464B-8E1C-172E9587F9DC}.Debug|ARM.Build.0 = Debug_DLL|x64
		{7DB06674-1F4F-464B-8E1C-172E9587F9DC}.Debug|ARM64.ActiveCfg = Debug_DLL|x64
		{7DB06674-1F4F-464B-8E1C-172E9587F9DC}.Debug|ARM64.Build.0 = Debug_DLL|x64
		{7DB06674-1F4F-464B-8E1C-172E9587F9DC}.Debug|x64.ActiveCfg = Debug_DLL|x64
		{7DB06674-1F4F-464B-8E1C-172E9587F9DC}.Debug|x64.Build.0 = Debug_DLL|x64
		{7DB06674-1F4F-464B-8E1C-172E9587F9DC}.Debug|x86.ActiveCfg = Debug_LIB|Win32
		{7DB06674-1F4F-464B-8E1C-172E9587F9DC}.Debug|x86.Build.0 = Debug_LIB|Win32
		{7DB06674-1F4F-464B-8E1C-172E9587F9DC}.Release_DLL|ARM.ActiveCfg = Release_DLL|Win32
		{7DB06674-1F4F-464B-8E1C-172E9587F9DC}.Release_DLL|ARM64.ActiveCfg = Release_DLL|Win32
		{7DB06674-1F4F-464B-8E1C-172E9587F9DC}.Release_DLL|x64.ActiveCfg = Release_DLL|x64
		{7DB06674-1F4F-464B-8E1C-172E9587F9DC}.Release_DLL|x64.Build.0 = Release_DLL|x64
		{7DB06674-1F4F-464B-8E1C-172E9587F9DC}.Release_DLL|x86.ActiveCfg = Release_DLL|Win32
		{7DB06674-1F4F-464B-8E1C-172E9587F9DC}.Release_DLL|x86.Build.0 = Release_DLL|Win32
		{7DB06674-1F4F-464B-8E1C-172E9587F9DC}.Release_LIB|ARM.ActiveCfg = Release_LIB|Win32
		{7DB06674-1F4F-464B-8E1C-172E9587F9DC}.Release_LIB|ARM64.ActiveCfg = Release_LIB|Win32
		{7DB06674-1F4F-464B-8E1C-172E9587F9DC}.Release_LIB|x64.ActiveCfg = Release_LIB|x64
		{7DB06674-1F4F-464B-8E1C-172E9587F9DC}.Release_LIB|x64.Build.0 = Release_LIB|x64
		{7DB06674-1F4F-464B-8E1C-172E9587F9DC}.Release_LIB|x86.ActiveCfg = Release_LIB|Win32
		{7DB06674-1F4F-464B-8E1C-172E9587F9DC}.Release_LIB|x86.Build.0 = Release_LIB|Win32
		{7DB06674-1F4F-464B-8E1C-172E9587F9DC}.Release|ARM.ActiveCfg = Debug_DLL|x64
		{7DB06674-1F4F-464B-8E1C-172E9587F9DC}.Release|ARM.Build.0 = Debug_DLL|x64
		{7DB06674-1F4F-464B-8E1C-172E9587F9DC}.Release|ARM64.ActiveCfg = Debug_DLL|x64
		{7DB06674-1F4F-464B-8E1C-172E9587F9DC}.Release|ARM64.Build.0 = Debug_DLL|x64
		{7DB06674-1F4F-464B-8E1C-172E9587F9DC}.Release|x64.ActiveCfg = Release_LIB|x64
		{7DB06674-1F4F-464B-8E1C-172E9587F9DC}.Release|x64.Build.0 = Release_LIB|x64
		{7DB06674-1F4F-464B-8E1C-172E9587F9DC}.Release|x86.ActiveCfg = Release_DLL|Win32
		{7DB06674-1F4F-464B-8E1C-172E9587F9DC}.Release|x86.Build.0 = Release_DLL|Win32
	EndGlobalSection
	GlobalSection(SolutionProperties) = preSolution
		HideSolutionNode = FALSE
	EndGlobalSection
	GlobalSection(ExtensibilityGlobals) = postSolution
		SolutionGuid = {DA745AA5-178B-4079-85A0-A9F19710908F}
	EndGlobalSection
EndGlobal
